
Microsoft Visual Studio Solution File, Format Version 12.00
# Visual Studio 15
VisualStudioVersion = 15.0.28010.2016
MinimumVisualStudioVersion = 10.0.40219.1
Project("{FAE04EC0-301F-11D3-BF4B-00C04F79EFBC}") = "CustomDateParse", "CustomDateParse\CustomDateParse.csproj", "{DC73163C-ED19-4209-B61C-86919D956AEF}"
EndProject
Global
	GlobalSection(SolutionConfigurationPlatforms) = preSolution
		Debug|Any CPU = Debug|Any CPU
		Release|Any CPU = Release|Any CPU
	EndGlobalSection
	GlobalSection(ProjectConfigurationPlatforms) = postSolution
		{DC73163C-ED19-4209-B61C-86919D956AEF}.Debug|Any CPU.ActiveCfg = Debug|Any CPU
		{DC73163C-ED19-4209-B61C-86919D956AEF}.Debug|Any CPU.Build.0 = Debug|Any CPU
		{DC73163C-ED19-4209-B61C-86919D956AEF}.Release|Any CPU.ActiveCfg = Release|Any CPU
		{DC73163C-ED19-4209-B61C-86919D956AEF}.Release|Any CPU.Build.0 = Release|Any CPU
	EndGlobalSection
	GlobalSection(SolutionProperties) = preSolution
		HideSolutionNode = FALSE
	EndGlobalSection
	GlobalSection(ExtensibilityGlobals) = postSolution
		SolutionGuid = {AC2DBCBF-AE1C-4194-9EEB-F4048BE8FC24}
	EndGlobalSection
EndGlobal
