
Microsoft Visual Studio Solution File, Format Version 12.00
# Visual Studio 2013
VisualStudioVersion = 12.0.40629.0
MinimumVisualStudioVersion = 10.0.40219.1
Project("{D2ABAB84-BF74-430A-B69E-9DC6D40DDA17}") = "AnalysisServices_Demo", "AnalysisServices_Demo\AnalysisServices_Demo.dwproj", "{55DF89DF-C835-488F-9213-D7A1643C8821}"
EndProject
Global
	GlobalSection(SolutionConfigurationPlatforms) = preSolution
		Development|Default = Development|Default
	EndGlobalSection
	GlobalSection(ProjectConfigurationPlatforms) = postSolution
		{55DF89DF-C835-488F-9213-D7A1643C8821}.Development|Default.ActiveCfg = Development
		{55DF89DF-C835-488F-9213-D7A1643C8821}.Development|Default.Build.0 = Development
		{55DF89DF-C835-488F-9213-D7A1643C8821}.Development|Default.Deploy.0 = Development
	EndGlobalSection
	GlobalSection(SolutionProperties) = preSolution
		HideSolutionNode = FALSE
	EndGlobalSection
EndGlobal
