
Microsoft Visual Studio Solution File, Format Version 12.00
# Visual Studio 2013
VisualStudioVersion = 12.0.40629.0
MinimumVisualStudioVersion = 10.0.40219.1
Project("{FAE04EC0-301F-11D3-BF4B-00C04F79EFBC}") = "SQLCLR_IsHoliday", "SQLCLR_IsHoliday\SQLCLR_IsHoliday.csproj", "{5F698892-CF93-4AA1-9C33-951CA0C7D45A}"
EndProject
Global
	GlobalSection(SolutionConfigurationPlatforms) = preSolution
		Debug|Any CPU = Debug|Any CPU
		Release|Any CPU = Release|Any CPU
	EndGlobalSection
	GlobalSection(ProjectConfigurationPlatforms) = postSolution
		{5F698892-CF93-4AA1-9C33-951CA0C7D45A}.Debug|Any CPU.ActiveCfg = Debug|Any CPU
		{5F698892-CF93-4AA1-9C33-951CA0C7D45A}.Debug|Any CPU.Build.0 = Debug|Any CPU
		{5F698892-CF93-4AA1-9C33-951CA0C7D45A}.Release|Any CPU.ActiveCfg = Release|Any CPU
		{5F698892-CF93-4AA1-9C33-951CA0C7D45A}.Release|Any CPU.Build.0 = Release|Any CPU
	EndGlobalSection
	GlobalSection(SolutionProperties) = preSolution
		HideSolutionNode = FALSE
	EndGlobalSection
EndGlobal
